PODS:
  - Flutter (1.0.0)
  - package_channels (0.0.1):
    - Flutter

DEPENDENCIES:
  - Flutter (from `Flutter`)
  - package_channels (from `.symlinks/plugins/package_channels/ios`)

EXTERNAL SOURCES:
  Flutter:
    :path: Flutter
  package_channels:
    :path: ".symlinks/plugins/package_channels/ios"

SPEC CHECKSUMS:
  Flutter: 0e3d915762c693b495b44d77113d4970485de6ec
  package_channels: faaf578a831c27761d85ce946ce192d12ba97fe2

PODFILE CHECKSUM: f32fb4e7c14f8b3ca19a369d7be425dd9241af27

COCOAPODS: 1.9.1
